
Microsoft Visual Studio Solution File, Format Version 12.00
# Visual Studio 15
VisualStudioVersion = 15.0.27703.2026
MinimumVisualStudioVersion = 10.0.40219.1
Project("{FAE04EC0-301F-11D3-BF4B-00C04F79EFBC}") = "WindowsFormsApp", "WindowsFormsApp\WindowsFormsApp.csproj", "{217A4F01-8570-498C-9AC2-30AC31264876}"
EndProject
Global
	GlobalSection(SolutionConfigurationPlatforms) = preSolution
		Debug|Any CPU = Debug|Any CPU
		Release|Any CPU = Release|Any CPU
	EndGlobalSection
	GlobalSection(ProjectConfigurationPlatforms) = postSolution
		{217A4F01-8570-498C-9AC2-30AC31264876}.Debug|Any CPU.ActiveCfg = Debug|Any CPU
		{217A4F01-8570-498C-9AC2-30AC31264876}.Debug|Any CPU.Build.0 = Debug|Any CPU
		{217A4F01-8570-498C-9AC2-30AC31264876}.Release|Any CPU.ActiveCfg = Release|Any CPU
		{217A4F01-8570-498C-9AC2-30AC31264876}.Release|Any CPU.Build.0 = Release|Any CPU
	EndGlobalSection
	GlobalSection(SolutionProperties) = preSolution
		HideSolutionNode = FALSE
	EndGlobalSection
	GlobalSection(ExtensibilityGlobals) = postSolution
		SolutionGuid = {0B0C76A2-F46F-4613-A172-83FB55B9E712}
	EndGlobalSection
EndGlobal
